{
  "name": "metacom-streams-example",
  "version": "1.0.0",
  "lockfileVersion": 2,
  "requires": true,
  "packages": {
    "": {
      "name": "metacom-streams-example",
      "version": "1.0.0",
      "hasInstallScript": true,
      "license": "ISC",
      "dependencies": {
        "impress": "^2.5.3"
      }
    },
    "node_modules/metaschema": {
      "version": "1.3.3",
      "resolved": "https://registry.npmjs.org/metaschema/-/metaschema-1.3.3.tgz",
      "integrity": "sha512-uemRX04VI/6iRmle7BxtRwdbXZY34Y/4D5bgL2ZNuS77mwR8A2w37hlpAY8gnMhygxZq4zcvT0oATzfV6IbrsA==",
      "dependencies": {
        "metautil": "^3.5.6",
        "metavm": "^1.0.3"
      },
      "engines": {
        "node": "^12.9 || 14 || 16"
      },
      "funding": {
        "type": "patreon",
        "url": "https://www.patreon.com/tshemsedinov"
      }
    },
    "node_modules/metavm": {
      "version": "1.0.3",
      "resolved": "https://registry.npmjs.org/metavm/-/metavm-1.0.3.tgz",
      "integrity": "sha512-Y18xbvuG3K6xaTB69ZbKX7dm4IrywmSQyCQ3zU4DjlRTkjfaAuDWMS+/UeVoK1kLhPOs0n+XpBTVLp3nignETw==",
      "engines": {
        "node": "^12.9 || 14 || 16"
      },
      "funding": {
        "type": "patreon",
        "url": "https://www.patreon.com/tshemsedinov"
      }
    },
    "node_modules/metaconfiguration": {
      "version": "2.1.5",
      "resolved": "https://registry.npmjs.org/metaconfiguration/-/metaconfiguration-2.1.5.tgz",
      "integrity": "sha512-9dwe+kgL7RRhKGFejr9NA3wqT02XWOsxSwAgkjm3ec/+PVom9ixa2/RgqqThfgzoWyrdSZF24fbo8pMk3OkJiw==",
      "dependencies": {
        "metavm": "^1.0.3"
      },
      "engines": {
        "node": "^12.9 || 14 || 16"
      },
      "funding": {
        "type": "patreon",
        "url": "https://www.patreon.com/tshemsedinov"
      }
    },
    "node_modules/impress": {
      "version": "2.5.3",
      "resolved": "https://registry.npmjs.org/impress/-/impress-2.5.3.tgz",
      "integrity": "sha512-WVf8opLZb1ALVsWNuNNdTdPH+xMTYnxjktcU6TYFNFma+BDN/HwHhZnwiliG5rZxJ4Sorg+f+TNSn2BKYsxHBw==",
      "dependencies": {
        "metacom": "^2.0.0",
        "metaconfiguration": "^2.1.5",
        "metalog": "^3.1.3",
        "metaschema": "^1.3.3",
        "metautil": "^3.5.9",
        "metavm": "^1.0.3",
        "metawatch": "^1.0.4"
      },
      "engines": {
        "node": "^12.9 || 14 || 16"
      },
      "funding": {
        "type": "patreon",
        "url": "https://www.patreon.com/tshemsedinov"
      }
    },
    "node_modules/concolor": {
      "version": "1.0.2",
      "resolved": "https://registry.npmjs.org/concolor/-/concolor-1.0.2.tgz",
      "integrity": "sha512-EM1ZsJ2DcUTDqCWC55SDXvqonn7wmmrFQWpLGLIP8FExkZoqqvMYlYYfnUGwLbPrB41Y6K7voYI8jiS3BmszSw==",
      "engines": {
        "node": "^12.9 || 14 || 16"
      },
      "funding": {
        "type": "patreon",
        "url": "https://www.patreon.com/tshemsedinov"
      }
    },
    "node_modules/metacom": {
      "version": "file:../",
      "dependencies": {
        "metautil": "^3.5.9",
        "ws": "^8.2.0"
      },
      "engines": {
        "node": "^12.9 || 14 || 16"
      },
      "funding": {
        "type": "patreon",
        "url": "https://www.patreon.com/tshemsedinov"
      }
    },
    "node_modules/metalog": {
      "version": "3.1.3",
      "resolved": "https://registry.npmjs.org/metalog/-/metalog-3.1.3.tgz",
      "integrity": "sha512-5W8+zOi4Jm0HgxUEGya0lu25T4bw/sx4d04Y57x5T0fyesXUQr2cpBaL0DySV17p2/Gy8NxKnZtg4kOto8fKZQ==",
      "dependencies": {
        "concolor": "^1.0.2",
        "metautil": "^3.5.8"
      },
      "engines": {
        "node": "^12.10 || 14 || 16"
      },
      "funding": {
        "type": "patreon",
        "url": "https://www.patreon.com/tshemsedinov"
      }
    },
    "node_modules/metautil": {
      "version": "3.5.10",
      "resolved": "https://registry.npmjs.org/metautil/-/metautil-3.5.10.tgz",
      "integrity": "sha512-by2cq2jBIyWLzX49Rs1A+gSWgVlGrmN4rFNG0VDvcF4NUqB26ihKaL9o5YsVvK85hVAi/igomq9JYZhPoqKBXw==",
      "engines": {
        "node": "^12.9 || 14 || 16"
      },
      "funding": {
        "type": "patreon",
        "url": "https://www.patreon.com/tshemsedinov"
      }
    },
    "node_modules/metawatch": {
      "version": "1.0.4",
      "resolved": "https://registry.npmjs.org/metawatch/-/metawatch-1.0.4.tgz",
      "integrity": "sha512-gAe5S4M0i+l9YIF8JQvVaeD+qkOnzlv7V6tPqLit0Ku/4el+eB35tJmNQSCd9Ls3ONsWwQPG67vGiluwFX0Jmg==",
      "engines": {
        "node": "^12.9 || 14 || 16"
      },
      "funding": {
        "type": "patreon",
        "url": "https://www.patreon.com/tshemsedinov"
      }
    },
    "node_modules/ws": {
      "version": "8.2.1",
      "resolved": "https://registry.npmjs.org/ws/-/ws-8.2.1.tgz",
      "integrity": "sha512-XkgWpJU3sHU7gX8f13NqTn6KQ85bd1WU7noBHTT8fSohx7OS1TPY8k+cyRPCzFkia7C4mM229yeHr1qK9sM4JQ==",
      "engines": {
        "node": ">=10.0.0"
      },
      "peerDependencies": {
        "bufferutil": "^4.0.1",
        "utf-8-validate": "^5.0.2"
      },
      "peerDependenciesMeta": {
        "bufferutil": {
          "optional": true
        },
        "utf-8-validate": {
          "optional": true
        }
      }
    }
  },
  "dependencies": {
    "concolor": {
      "version": "1.0.2",
      "resolved": "https://registry.npmjs.org/concolor/-/concolor-1.0.2.tgz",
      "integrity": "sha512-EM1ZsJ2DcUTDqCWC55SDXvqonn7wmmrFQWpLGLIP8FExkZoqqvMYlYYfnUGwLbPrB41Y6K7voYI8jiS3BmszSw=="
    },
    "impress": {
      "version": "2.5.3",
      "resolved": "https://registry.npmjs.org/impress/-/impress-2.5.3.tgz",
      "integrity": "sha512-WVf8opLZb1ALVsWNuNNdTdPH+xMTYnxjktcU6TYFNFma+BDN/HwHhZnwiliG5rZxJ4Sorg+f+TNSn2BKYsxHBw==",
      "requires": {
        "metacom": "file:../",
        "metaconfiguration": "^2.1.5",
        "metalog": "^3.1.3",
        "metaschema": "^1.3.3",
        "metautil": "^3.5.9",
        "metavm": "^1.0.3",
        "metawatch": "^1.0.4"
      },
      "dependencies": {
        "metacom": {
          "version": "file:../"
        }
      }
    },
    "metacom": {
      "version": "file:../",
      "requires": {
        "metautil": "^3.5.9",
        "ws": "^8.2.0"
      }
    },
    "metaconfiguration": {
      "version": "2.1.5",
      "resolved": "https://registry.npmjs.org/metaconfiguration/-/metaconfiguration-2.1.5.tgz",
      "integrity": "sha512-9dwe+kgL7RRhKGFejr9NA3wqT02XWOsxSwAgkjm3ec/+PVom9ixa2/RgqqThfgzoWyrdSZF24fbo8pMk3OkJiw==",
      "requires": {
        "metavm": "^1.0.3"
      }
    },
    "metalog": {
      "version": "3.1.3",
      "resolved": "https://registry.npmjs.org/metalog/-/metalog-3.1.3.tgz",
      "integrity": "sha512-5W8+zOi4Jm0HgxUEGya0lu25T4bw/sx4d04Y57x5T0fyesXUQr2cpBaL0DySV17p2/Gy8NxKnZtg4kOto8fKZQ==",
      "requires": {
        "concolor": "^1.0.2",
        "metautil": "^3.5.8"
      }
    },
    "metaschema": {
      "version": "1.3.3",
      "resolved": "https://registry.npmjs.org/metaschema/-/metaschema-1.3.3.tgz",
      "integrity": "sha512-uemRX04VI/6iRmle7BxtRwdbXZY34Y/4D5bgL2ZNuS77mwR8A2w37hlpAY8gnMhygxZq4zcvT0oATzfV6IbrsA==",
      "requires": {
        "metautil": "^3.5.6",
        "metavm": "^1.0.3"
      }
    },
    "metautil": {
      "version": "3.5.10",
      "resolved": "https://registry.npmjs.org/metautil/-/metautil-3.5.10.tgz",
      "integrity": "sha512-by2cq2jBIyWLzX49Rs1A+gSWgVlGrmN4rFNG0VDvcF4NUqB26ihKaL9o5YsVvK85hVAi/igomq9JYZhPoqKBXw=="
    },
    "metavm": {
      "version": "1.0.3",
      "resolved": "https://registry.npmjs.org/metavm/-/metavm-1.0.3.tgz",
      "integrity": "sha512-Y18xbvuG3K6xaTB69ZbKX7dm4IrywmSQyCQ3zU4DjlRTkjfaAuDWMS+/UeVoK1kLhPOs0n+XpBTVLp3nignETw=="
    },
    "metawatch": {
      "version": "1.0.4",
      "resolved": "https://registry.npmjs.org/metawatch/-/metawatch-1.0.4.tgz",
      "integrity": "sha512-gAe5S4M0i+l9YIF8JQvVaeD+qkOnzlv7V6tPqLit0Ku/4el+eB35tJmNQSCd9Ls3ONsWwQPG67vGiluwFX0Jmg=="
    },
    "ws": {
      "version": "8.2.1",
      "resolved": "https://registry.npmjs.org/ws/-/ws-8.2.1.tgz",
      "integrity": "sha512-XkgWpJU3sHU7gX8f13NqTn6KQ85bd1WU7noBHTT8fSohx7OS1TPY8k+cyRPCzFkia7C4mM229yeHr1qK9sM4JQ=="
    }
  }
}